
Microsoft Visual Studio Solution File, Format Version 12.00
# Visual Studio Version 16
VisualStudioVersion = 16.0.30503.244
MinimumVisualStudioVersion = 10.0.40219.1
Project("{FAE04EC0-301F-11D3-BF4B-00C04F79EFBC}") = "WpfApp1", "WpfApp1.csproj", "{B10ACCFF-D0E9-4285-B711-A1B70E186D84}"
EndProject
Global
	GlobalSection(SolutionConfigurationPlatforms) = preSolution
		Debug|Any CPU = Debug|Any CPU
		Release|Any CPU = Release|Any CPU
	EndGlobalSection
	GlobalSection(ProjectConfigurationPlatforms) = postSolution
		{B10ACCFF-D0E9-4285-B711-A1B70E186D84}.Debug|Any CPU.ActiveCfg = Debug|Any CPU
		{B10ACCFF-D0E9-4285-B711-A1B70E186D84}.Debug|Any CPU.Build.0 = Debug|Any CPU
		{B10ACCFF-D0E9-4285-B711-A1B70E186D84}.Release|Any CPU.ActiveCfg = Release|Any CPU
		{B10ACCFF-D0E9-4285-B711-A1B70E186D84}.Release|Any CPU.Build.0 = Release|Any CPU
	EndGlobalSection
	GlobalSection(SolutionProperties) = preSolution
		HideSolutionNode = FALSE
	EndGlobalSection
	GlobalSection(ExtensibilityGlobals) = postSolution
		SolutionGuid = {48E45E5A-AD08-41D5-AD77-F4257ECA305F}
	EndGlobalSection
EndGlobal
